
Microsoft Visual Studio Solution File, Format Version 12.00
# Visual Studio Version 17
VisualStudioVersion = 17.0.31903.59
MinimumVisualStudioVersion = 10.0.40219.1
Project("{FAE04EC0-301F-11D3-BF4B-00C04F79EFBC}") = "Ollama.Domain", "Ollama.Domain\Ollama.Domain.csproj", "{4BA92ABC-A127-4B2C-A085-FC1CD792BAD8}"
EndProject
Project("{FAE04EC0-301F-11D3-BF4B-00C04F79EFBC}") = "Ollama.Tests", "Ollama.Tests\Ollama.Tests.csproj", "{1A586F60-B424-45B3-8EA4-3326E7FEC5DB}"
EndProject
Project("{FAE04EC0-301F-11D3-BF4B-00C04F79EFBC}") = "Ollama.Infrastructure", "Ollama.Infrastructure\Ollama.Infrastructure.csproj", "{BB1D23D7-A3ED-4552-8B50-DD4B61242F0E}"
EndProject
Project("{FAE04EC0-301F-11D3-BF4B-00C04F79EFBC}") = "Ollama.Application", "Ollama.Application\Ollama.Application.csproj", "{74E9F839-199A-4D70-ADAA-6FDC733954E9}"
EndProject
Global
	GlobalSection(SolutionConfigurationPlatforms) = preSolution
		Debug|Any CPU = Debug|Any CPU
		Release|Any CPU = Release|Any CPU
	EndGlobalSection
	GlobalSection(SolutionProperties) = preSolution
		HideSolutionNode = FALSE
	EndGlobalSection
	GlobalSection(ProjectConfigurationPlatforms) = postSolution
		{4BA92ABC-A127-4B2C-A085-FC1CD792BAD8}.Debug|Any CPU.ActiveCfg = Debug|Any CPU
		{4BA92ABC-A127-4B2C-A085-FC1CD792BAD8}.Debug|Any CPU.Build.0 = Debug|Any CPU
		{4BA92ABC-A127-4B2C-A085-FC1CD792BAD8}.Release|Any CPU.ActiveCfg = Release|Any CPU
		{4BA92ABC-A127-4B2C-A085-FC1CD792BAD8}.Release|Any CPU.Build.0 = Release|Any CPU
		{1A586F60-B424-45B3-8EA4-3326E7FEC5DB}.Debug|Any CPU.ActiveCfg = Debug|Any CPU
		{1A586F60-B424-45B3-8EA4-3326E7FEC5DB}.Debug|Any CPU.Build.0 = Debug|Any CPU
		{1A586F60-B424-45B3-8EA4-3326E7FEC5DB}.Release|Any CPU.ActiveCfg = Release|Any CPU
		{1A586F60-B424-45B3-8EA4-3326E7FEC5DB}.Release|Any CPU.Build.0 = Release|Any CPU
		{BB1D23D7-A3ED-4552-8B50-DD4B61242F0E}.Debug|Any CPU.ActiveCfg = Debug|Any CPU
		{BB1D23D7-A3ED-4552-8B50-DD4B61242F0E}.Debug|Any CPU.Build.0 = Debug|Any CPU
		{BB1D23D7-A3ED-4552-8B50-DD4B61242F0E}.Release|Any CPU.ActiveCfg = Release|Any CPU
		{BB1D23D7-A3ED-4552-8B50-DD4B61242F0E}.Release|Any CPU.Build.0 = Release|Any CPU
		{74E9F839-199A-4D70-ADAA-6FDC733954E9}.Debug|Any CPU.ActiveCfg = Debug|Any CPU
		{74E9F839-199A-4D70-ADAA-6FDC733954E9}.Debug|Any CPU.Build.0 = Debug|Any CPU
		{74E9F839-199A-4D70-ADAA-6FDC733954E9}.Release|Any CPU.ActiveCfg = Release|Any CPU
		{74E9F839-199A-4D70-ADAA-6FDC733954E9}.Release|Any CPU.Build.0 = Release|Any CPU
	EndGlobalSection
EndGlobal
